
Microsoft Visual Studio Solution File, Format Version 12.00
Project("{FAE04EC0-301F-11D3-BF4B-00C04F79EFBC}") = "SolarLab.EBoard.Notifications.Domain", "SolarLab.EBoard.Notifications.Domain\SolarLab.EBoard.Notifications.Domain.csproj", "{7D95C956-C76C-4387-984D-F3E7C9A4D9C6}"
EndProject
Project("{FAE04EC0-301F-11D3-BF4B-00C04F79EFBC}") = "SolarLab.EBoard.Notifications.Application", "SolarLab.EBoard.Notifications.Application\SolarLab.EBoard.Notifications.Application.csproj", "{2154BE4A-C709-48F3-8336-348596BDF6B1}"
EndProject
Project("{2150E333-8FDC-42A3-9474-1A3956D46DE8}") = "src", "src", "{7A845BAE-6B31-4659-8708-3EA8495F6053}"
EndProject
Project("{2150E333-8FDC-42A3-9474-1A3956D46DE8}") = "tests", "tests", "{5939EF5D-C846-435A-B8B4-FB7ACE24C9E5}"
EndProject
Project("{FAE04EC0-301F-11D3-BF4B-00C04F79EFBC}") = "SolarLab.EBoard.Notifications.UnitTests", "SolarLab.EBoard.Notifications.UnitTests\SolarLab.EBoard.Notifications.UnitTests.csproj", "{72DC3E1E-1823-4EFF-8D77-77951E9F8E3D}"
EndProject
Project("{FAE04EC0-301F-11D3-BF4B-00C04F79EFBC}") = "SolarLab.EBoard.Notifications.Infrastructure", "SolarLab.EBoard.Notifications.Infrastructure\SolarLab.EBoard.Notifications.Infrastructure.csproj", "{BF7C4D23-625F-4F18-B54D-3633945BCB58}"
EndProject
Project("{FAE04EC0-301F-11D3-BF4B-00C04F79EFBC}") = "SolarLab.EBoard.Notifications.Worker", "SolarLab.EBoard.Notifications.Worker\SolarLab.EBoard.Notifications.Worker.csproj", "{213AEE9F-14F6-4DFA-96F0-2D64EF5BB299}"
EndProject
Global
	GlobalSection(SolutionConfigurationPlatforms) = preSolution
		Debug|Any CPU = Debug|Any CPU
		Release|Any CPU = Release|Any CPU
	EndGlobalSection
	GlobalSection(ProjectConfigurationPlatforms) = postSolution
		{7D95C956-C76C-4387-984D-F3E7C9A4D9C6}.Debug|Any CPU.ActiveCfg = Debug|Any CPU
		{7D95C956-C76C-4387-984D-F3E7C9A4D9C6}.Debug|Any CPU.Build.0 = Debug|Any CPU
		{7D95C956-C76C-4387-984D-F3E7C9A4D9C6}.Release|Any CPU.ActiveCfg = Release|Any CPU
		{7D95C956-C76C-4387-984D-F3E7C9A4D9C6}.Release|Any CPU.Build.0 = Release|Any CPU
		{2154BE4A-C709-48F3-8336-348596BDF6B1}.Debug|Any CPU.ActiveCfg = Debug|Any CPU
		{2154BE4A-C709-48F3-8336-348596BDF6B1}.Debug|Any CPU.Build.0 = Debug|Any CPU
		{2154BE4A-C709-48F3-8336-348596BDF6B1}.Release|Any CPU.ActiveCfg = Release|Any CPU
		{2154BE4A-C709-48F3-8336-348596BDF6B1}.Release|Any CPU.Build.0 = Release|Any CPU
		{72DC3E1E-1823-4EFF-8D77-77951E9F8E3D}.Debug|Any CPU.ActiveCfg = Debug|Any CPU
		{72DC3E1E-1823-4EFF-8D77-77951E9F8E3D}.Debug|Any CPU.Build.0 = Debug|Any CPU
		{72DC3E1E-1823-4EFF-8D77-77951E9F8E3D}.Release|Any CPU.ActiveCfg = Release|Any CPU
		{72DC3E1E-1823-4EFF-8D77-77951E9F8E3D}.Release|Any CPU.Build.0 = Release|Any CPU
		{BF7C4D23-625F-4F18-B54D-3633945BCB58}.Debug|Any CPU.ActiveCfg = Debug|Any CPU
		{BF7C4D23-625F-4F18-B54D-3633945BCB58}.Debug|Any CPU.Build.0 = Debug|Any CPU
		{BF7C4D23-625F-4F18-B54D-3633945BCB58}.Release|Any CPU.ActiveCfg = Release|Any CPU
		{BF7C4D23-625F-4F18-B54D-3633945BCB58}.Release|Any CPU.Build.0 = Release|Any CPU
		{213AEE9F-14F6-4DFA-96F0-2D64EF5BB299}.Debug|Any CPU.ActiveCfg = Debug|Any CPU
		{213AEE9F-14F6-4DFA-96F0-2D64EF5BB299}.Debug|Any CPU.Build.0 = Debug|Any CPU
		{213AEE9F-14F6-4DFA-96F0-2D64EF5BB299}.Release|Any CPU.ActiveCfg = Release|Any CPU
		{213AEE9F-14F6-4DFA-96F0-2D64EF5BB299}.Release|Any CPU.Build.0 = Release|Any CPU
	EndGlobalSection
	GlobalSection(NestedProjects) = preSolution
		{2154BE4A-C709-48F3-8336-348596BDF6B1} = {7A845BAE-6B31-4659-8708-3EA8495F6053}
		{7D95C956-C76C-4387-984D-F3E7C9A4D9C6} = {7A845BAE-6B31-4659-8708-3EA8495F6053}
		{72DC3E1E-1823-4EFF-8D77-77951E9F8E3D} = {5939EF5D-C846-435A-B8B4-FB7ACE24C9E5}
		{BF7C4D23-625F-4F18-B54D-3633945BCB58} = {7A845BAE-6B31-4659-8708-3EA8495F6053}
		{213AEE9F-14F6-4DFA-96F0-2D64EF5BB299} = {7A845BAE-6B31-4659-8708-3EA8495F6053}
	EndGlobalSection
EndGlobal
